
Microsoft Visual Studio Solution File, Format Version 12.00
# Visual Studio Version 17
VisualStudioVersion = 17.12.35514.174 d17.12
MinimumVisualStudioVersion = 10.0.40219.1
Project("{FAE04EC0-301F-11D3-BF4B-00C04F79EFBC}") = "EFCore_Issue.WEB", "EFCore_Issue.WEB\EFCore_Issue.WEB\EFCore_Issue.WEB.csproj", "{198FFFBE-E99C-47DF-983B-7E885E16FE05}"
EndProject
Project("{FAE04EC0-301F-11D3-BF4B-00C04F79EFBC}") = "EFCore_Issue.WEB.Client", "EFCore_Issue.WEB\EFCore_Issue.WEB.Client\EFCore_Issue.WEB.Client.csproj", "{C2D68CF1-7704-4AF6-B359-532FC7D7A5C1}"
EndProject
Project("{FAE04EC0-301F-11D3-BF4B-00C04F79EFBC}") = "EFCore_Issue.Lib", "EFCore_Issue.Lib\EFCore_Issue.Lib.csproj", "{E5DD20CE-4B4C-41DE-A4E6-1D8446D6924D}"
EndProject
Global
	GlobalSection(SolutionConfigurationPlatforms) = preSolution
		Debug|Any CPU = Debug|Any CPU
		Release|Any CPU = Release|Any CPU
	EndGlobalSection
	GlobalSection(ProjectConfigurationPlatforms) = postSolution
		{198FFFBE-E99C-47DF-983B-7E885E16FE05}.Debug|Any CPU.ActiveCfg = Debug|Any CPU
		{198FFFBE-E99C-47DF-983B-7E885E16FE05}.Debug|Any CPU.Build.0 = Debug|Any CPU
		{198FFFBE-E99C-47DF-983B-7E885E16FE05}.Release|Any CPU.ActiveCfg = Release|Any CPU
		{198FFFBE-E99C-47DF-983B-7E885E16FE05}.Release|Any CPU.Build.0 = Release|Any CPU
		{C2D68CF1-7704-4AF6-B359-532FC7D7A5C1}.Debug|Any CPU.ActiveCfg = Debug|Any CPU
		{C2D68CF1-7704-4AF6-B359-532FC7D7A5C1}.Debug|Any CPU.Build.0 = Debug|Any CPU
		{C2D68CF1-7704-4AF6-B359-532FC7D7A5C1}.Release|Any CPU.ActiveCfg = Release|Any CPU
		{C2D68CF1-7704-4AF6-B359-532FC7D7A5C1}.Release|Any CPU.Build.0 = Release|Any CPU
		{E5DD20CE-4B4C-41DE-A4E6-1D8446D6924D}.Debug|Any CPU.ActiveCfg = Debug|Any CPU
		{E5DD20CE-4B4C-41DE-A4E6-1D8446D6924D}.Debug|Any CPU.Build.0 = Debug|Any CPU
		{E5DD20CE-4B4C-41DE-A4E6-1D8446D6924D}.Release|Any CPU.ActiveCfg = Release|Any CPU
		{E5DD20CE-4B4C-41DE-A4E6-1D8446D6924D}.Release|Any CPU.Build.0 = Release|Any CPU
	EndGlobalSection
	GlobalSection(SolutionProperties) = preSolution
		HideSolutionNode = FALSE
	EndGlobalSection
EndGlobal
